
Microsoft Visual Studio Solution File, Format Version 12.00
# Visual Studio Version 17
VisualStudioVersion = 17.5.33424.131
MinimumVisualStudioVersion = 10.0.40219.1
Project("{8BC9CEB8-8B4A-11D0-8D11-00A0C91BC942}") = "000内存分区", "000内存分区\000内存分区.vcxproj", "{F1D803B1-1E1B-46B4-ADAC-25AE79ED0353}"
EndProject
Project("{8BC9CEB8-8B4A-11D0-8D11-00A0C91BC942}") = "001内存分区2", "001内存分区2\001内存分区2.vcxproj", "{102D9F5D-5B78-47FA-8C90-CA63D9E68239}"
EndProject
Project("{8BC9CEB8-8B4A-11D0-8D11-00A0C91BC942}") = "003new操作符", "003new操作符\003new操作符.vcxproj", "{53B9DA75-6780-492F-9615-36B3655FA07A}"
EndProject
Project("{8BC9CEB8-8B4A-11D0-8D11-00A0C91BC942}") = "004引用", "004引用\004引用.vcxproj", "{35B805B5-F5AA-413D-8C8D-A4D3FDAF25CF}"
EndProject
Project("{8BC9CEB8-8B4A-11D0-8D11-00A0C91BC942}") = "005引用做函数返回值", "005引用做函数返回值\005引用做函数返回值.vcxproj", "{611D695D-8D73-4DE7-86AA-7D1DDE05009E}"
EndProject
Project("{8BC9CEB8-8B4A-11D0-8D11-00A0C91BC942}") = "006引用的本质", "006引用的本质\006引用的本质.vcxproj", "{39F3559E-EE7D-4EDF-985C-E26EFAD03DD6}"
EndProject
Project("{8BC9CEB8-8B4A-11D0-8D11-00A0C91BC942}") = "007常量引用", "007常量引用\007常量引用.vcxproj", "{65ABB71A-CCCB-43EC-BBD8-1841A29A2C1D}"
EndProject
Project("{8BC9CEB8-8B4A-11D0-8D11-00A0C91BC942}") = "008函数默认参数", "008函数默认参数\008函数默认参数.vcxproj", "{25DE25CE-18F8-4DD5-9EBC-8E2288F7D5DE}"
EndProject
Project("{8BC9CEB8-8B4A-11D0-8D11-00A0C91BC942}") = "009函数占位参数", "009函数占位参数\009函数占位参数.vcxproj", "{B8AA31C7-8D96-4792-A2E9-F6DCC5F101F6}"
EndProject
Project("{8BC9CEB8-8B4A-11D0-8D11-00A0C91BC942}") = "010函数重载", "010函数重载\010函数重载.vcxproj", "{73CA43CF-1A6A-4DFD-B87A-8CF09FDC153D}"
EndProject
Project("{8BC9CEB8-8B4A-11D0-8D11-00A0C91BC942}") = "011函数重载注意事项", "011函数重载注意事项\011函数重载注意事项.vcxproj", "{1B68CEAD-9475-451A-941F-041B7ECDAE10}"
EndProject
Project("{8BC9CEB8-8B4A-11D0-8D11-00A0C91BC942}") = "012封装", "012封装\012封装.vcxproj", "{4B2BCB2D-ED18-4D97-B665-67E47F6C5BE7}"
EndProject
Project("{8BC9CEB8-8B4A-11D0-8D11-00A0C91BC942}") = "013三种访问权限", "013三种访问权限\013三种访问权限.vcxproj", "{3BCBDBF6-37CF-450E-83B4-DB8F2B829730}"
EndProject
Project("{8BC9CEB8-8B4A-11D0-8D11-00A0C91BC942}") = "014成员属性设置为私有", "014成员属性设置为私有\014成员属性设置为私有.vcxproj", "{B1E0A614-FD7D-4BCB-97FE-22231C7C2580}"
EndProject
Project("{8BC9CEB8-8B4A-11D0-8D11-00A0C91BC942}") = "015构造函数和析构函数", "015构造函数和析构函数\015构造函数和析构函数.vcxproj", "{00EFEB0D-0B88-43C5-8626-C9EF39A6BC83}"
EndProject
Project("{8BC9CEB8-8B4A-11D0-8D11-00A0C91BC942}") = "016构造函数的分类及调用", "016构造函数的分类及调用\016构造函数的分类及调用.vcxproj", "{A0B5709A-CEEA-4C79-A6D9-C52050B1CF87}"
EndProject
Project("{8BC9CEB8-8B4A-11D0-8D11-00A0C91BC942}") = "017拷贝构造函数调用时机", "017拷贝构造函数调用时机\017拷贝构造函数调用时机.vcxproj", "{CB69CD2C-D759-47BA-B841-801A01FDAA5C}"
EndProject
Project("{8BC9CEB8-8B4A-11D0-8D11-00A0C91BC942}") = "018构造函数调用规则", "018构造函数调用规则\018构造函数调用规则.vcxproj", "{6ECCEE3F-7C59-4479-8024-E8D019DAF364}"
EndProject
Project("{8BC9CEB8-8B4A-11D0-8D11-00A0C91BC942}") = "019深拷贝与浅拷贝", "019深拷贝与浅拷贝\019深拷贝与浅拷贝.vcxproj", "{D1E0F2A0-354A-4D28-9B7D-01F5B2AA7F06}"
EndProject
Project("{8BC9CEB8-8B4A-11D0-8D11-00A0C91BC942}") = "020初始化列表", "020初始化列表\020初始化列表.vcxproj", "{01829453-34DA-43DD-AB06-D24C55B0F03C}"
EndProject
Project("{8BC9CEB8-8B4A-11D0-8D11-00A0C91BC942}") = "021类对象作为类成员", "021类对象作为类成员\021类对象作为类成员.vcxproj", "{3748BC98-081E-4E1A-963F-05A9EF827C7A}"
EndProject
Project("{8BC9CEB8-8B4A-11D0-8D11-00A0C91BC942}") = "022静态成员", "022静态成员‘\022静态成员‘.vcxproj", "{9EBCC22D-5389-46C2-8329-4F106A2E63D0}"
EndProject
Project("{8BC9CEB8-8B4A-11D0-8D11-00A0C91BC942}") = "023C++对象模型和this指针", "023C++对象模型和this指针\023C++对象模型和this指针.vcxproj", "{F047D8D3-C185-4842-90C8-83A287AD5B81}"
EndProject
Project("{8BC9CEB8-8B4A-11D0-8D11-00A0C91BC942}") = "024全局函数做友员", "024全局函数做友员\024全局函数做友员.vcxproj", "{E9AC39F4-590A-4A4C-8CB5-A0FF62B71A71}"
EndProject
Project("{8BC9CEB8-8B4A-11D0-8D11-00A0C91BC942}") = "025类做友元", "025类做友元\025类做友元.vcxproj", "{36496E61-ECCB-441F-B0A5-5365825AEE93}"
EndProject
Project("{8BC9CEB8-8B4A-11D0-8D11-00A0C91BC942}") = "026成员函数做友元", "026成员函数做友元\026成员函数做友元.vcxproj", "{4BBE5688-7C84-4DC9-9E31-8714CADFF4C7}"
EndProject
Project("{8BC9CEB8-8B4A-11D0-8D11-00A0C91BC942}") = "027加号运算符重载", "027运算符重载\027运算符重载.vcxproj", "{EEECBA97-0D03-4C7C-A109-7C5DA31D0EE2}"
EndProject
Project("{8BC9CEB8-8B4A-11D0-8D11-00A0C91BC942}") = "028左移运算符重载", "028左移运算符重载\028左移运算符重载.vcxproj", "{C32601E3-12DE-42F9-BDD4-8DE30CDB1B63}"
EndProject
Project("{8BC9CEB8-8B4A-11D0-8D11-00A0C91BC942}") = "029递增运算符重载", "029递增运算符重载\029递增运算符重载.vcxproj", "{EB8A4F4B-6857-4785-9DA1-662BD002F380}"
EndProject
Project("{8BC9CEB8-8B4A-11D0-8D11-00A0C91BC942}") = "030赋值运算符重载", "030赋值运算符重载\030赋值运算符重载.vcxproj", "{457D757E-570C-4054-9562-8F60F6C860C9}"
EndProject
Project("{8BC9CEB8-8B4A-11D0-8D11-00A0C91BC942}") = "031关系运算符重载", "031关系运算符重载\031关系运算符重载.vcxproj", "{43F0EDBC-8EB6-4D77-8A56-85523F57646A}"
EndProject
Project("{8BC9CEB8-8B4A-11D0-8D11-00A0C91BC942}") = "032调用运算符重载", "032调用运算符重载’\032调用运算符重载’.vcxproj", "{13B8D2B5-F209-4799-8A28-3CA6B0EE150C}"
EndProject
Project("{8BC9CEB8-8B4A-11D0-8D11-00A0C91BC942}") = "033继承的基本语法", "033继承的基本语法\033继承的基本语法.vcxproj", "{73B63880-115E-4F69-A215-A3FBDF62170C}"
EndProject
Project("{8BC9CEB8-8B4A-11D0-8D11-00A0C91BC942}") = "034继承方式", "034继承方式\034继承方式.vcxproj", "{E1D4E2DB-D16F-44FB-B8B1-2727AC3D61CA}"
EndProject
Project("{8BC9CEB8-8B4A-11D0-8D11-00A0C91BC942}") = "035继承中的对象模型", "035继承中的对象模型\035继承中的对象模型.vcxproj", "{8FE00B1E-2B90-405D-9227-3570D873F709}"
EndProject
Project("{8BC9CEB8-8B4A-11D0-8D11-00A0C91BC942}") = "036继承中构造和析构顺序", "036继承中构造和析构顺序\036继承中构造和析构顺序.vcxproj", "{B55105AA-23C1-44C6-B4F6-E398BEB9D7E0}"
EndProject
Project("{8BC9CEB8-8B4A-11D0-8D11-00A0C91BC942}") = "037继承同名成员处理方式", "037继承同名成员处理方式\037继承同名成员处理方式.vcxproj", "{00C097D2-9D4D-47AE-B6DD-E2F31E6DF9F4}"
EndProject
Project("{8BC9CEB8-8B4A-11D0-8D11-00A0C91BC942}") = "038继承同名静态成员处理方式", "038继承同名静态成员处理方式\038继承同名静态成员处理方式.vcxproj", "{D3B55679-68A5-4C38-BFF3-FB4E077C1241}"
EndProject
Project("{8BC9CEB8-8B4A-11D0-8D11-00A0C91BC942}") = "039多继承语法", "039多继承语法\039多继承语法.vcxproj", "{CE6037B3-2E16-42F3-BD1D-A083E525246F}"
EndProject
Project("{8BC9CEB8-8B4A-11D0-8D11-00A0C91BC942}") = "040菱形继承", "040菱形继承\040菱形继承.vcxproj", "{4D05116E-DDD4-4B9C-A427-9131FA28A27D}"
EndProject
Project("{8BC9CEB8-8B4A-11D0-8D11-00A0C91BC942}") = "041多态的基本语法", "041多态的基本语法\041多态的基本语法.vcxproj", "{CC560C27-59E6-4AE6-B23E-44F3762EA043}"
EndProject
Project("{8BC9CEB8-8B4A-11D0-8D11-00A0C91BC942}") = "042多态案例：计算器类", "042多态案例：计算器类\042多态案例：计算器类.vcxproj", "{97C9C2A5-ED0D-4945-A5DA-2F7C9689FB80}"
EndProject
Project("{8BC9CEB8-8B4A-11D0-8D11-00A0C91BC942}") = "043纯虚函数和抽象类", "043纯虚函数和抽象类\043纯虚函数和抽象类.vcxproj", "{EE2FAFA5-BB66-4A11-816C-21F21CEE16E0}"
EndProject
Project("{8BC9CEB8-8B4A-11D0-8D11-00A0C91BC942}") = "044类对象相关", "test\test.vcxproj", "{61AA579E-7418-48C9-B796-ACBD539FAA6F}"
EndProject
Project("{8BC9CEB8-8B4A-11D0-8D11-00A0C91BC942}") = "045多态案例：制作饮品", "045多态案例：制作饮品\045多态案例：制作饮品.vcxproj", "{791CCDF2-0C73-41E2-862A-E84741D106CD}"
EndProject
Project("{8BC9CEB8-8B4A-11D0-8D11-00A0C91BC942}") = "046虚析构和纯虚析构", "046x虚析构和纯虚析构\046x虚析构和纯虚析构.vcxproj", "{8278AD4F-FA5B-4F44-960C-27BA4D9E2B93}"
EndProject
Project("{8BC9CEB8-8B4A-11D0-8D11-00A0C91BC942}") = "047多态案例三：电脑组装", "047多态案例三：电脑组装\047多态案例三：电脑组装.vcxproj", "{20449624-FCFA-4107-ACF9-0D21E5F6E40B}"
EndProject
Project("{8BC9CEB8-8B4A-11D0-8D11-00A0C91BC942}") = "048文本文件：写文件", "048文本文件：写文件\048文本文件：写文件.vcxproj", "{71826F64-6A62-428E-BF15-0119B510C16D}"
EndProject
Project("{8BC9CEB8-8B4A-11D0-8D11-00A0C91BC942}") = "049文本文件：读文件", "049文本文件：读文件\049文本文件：读文件.vcxproj", "{9C626392-F955-4515-91F1-CFC2A2053C1B}"
EndProject
Project("{8BC9CEB8-8B4A-11D0-8D11-00A0C91BC942}") = "050二进制文件：写文件", "050二进制文件：写文件\050二进制文件：写文件.vcxproj", "{2FB6ECDB-BEDD-43D7-81F1-FD3F32F824F0}"
EndProject
Global
	GlobalSection(SolutionConfigurationPlatforms) = preSolution
		Debug|x64 = Debug|x64
		Debug|x86 = Debug|x86
		Release|x64 = Release|x64
		Release|x86 = Release|x86
	EndGlobalSection
	GlobalSection(ProjectConfigurationPlatforms) = postSolution
		{F1D803B1-1E1B-46B4-ADAC-25AE79ED0353}.Debug|x64.ActiveCfg = Debug|x64
		{F1D803B1-1E1B-46B4-ADAC-25AE79ED0353}.Debug|x64.Build.0 = Debug|x64
		{F1D803B1-1E1B-46B4-ADAC-25AE79ED0353}.Debug|x86.ActiveCfg = Debug|Win32
		{F1D803B1-1E1B-46B4-ADAC-25AE79ED0353}.Debug|x86.Build.0 = Debug|Win32
		{F1D803B1-1E1B-46B4-ADAC-25AE79ED0353}.Release|x64.ActiveCfg = Release|x64
		{F1D803B1-1E1B-46B4-ADAC-25AE79ED0353}.Release|x64.Build.0 = Release|x64
		{F1D803B1-1E1B-46B4-ADAC-25AE79ED0353}.Release|x86.ActiveCfg = Release|Win32
		{F1D803B1-1E1B-46B4-ADAC-25AE79ED0353}.Release|x86.Build.0 = Release|Win32
		{102D9F5D-5B78-47FA-8C90-CA63D9E68239}.Debug|x64.ActiveCfg = Debug|x64
		{102D9F5D-5B78-47FA-8C90-CA63D9E68239}.Debug|x64.Build.0 = Debug|x64
		{102D9F5D-5B78-47FA-8C90-CA63D9E68239}.Debug|x86.ActiveCfg = Debug|Win32
		{102D9F5D-5B78-47FA-8C90-CA63D9E68239}.Debug|x86.Build.0 = Debug|Win32
		{102D9F5D-5B78-47FA-8C90-CA63D9E68239}.Release|x64.ActiveCfg = Release|x64
		{102D9F5D-5B78-47FA-8C90-CA63D9E68239}.Release|x64.Build.0 = Release|x64
		{102D9F5D-5B78-47FA-8C90-CA63D9E68239}.Release|x86.ActiveCfg = Release|Win32
		{102D9F5D-5B78-47FA-8C90-CA63D9E68239}.Release|x86.Build.0 = Release|Win32
		{53B9DA75-6780-492F-9615-36B3655FA07A}.Debug|x64.ActiveCfg = Debug|x64
		{53B9DA75-6780-492F-9615-36B3655FA07A}.Debug|x64.Build.0 = Debug|x64
		{53B9DA75-6780-492F-9615-36B3655FA07A}.Debug|x86.ActiveCfg = Debug|Win32
		{53B9DA75-6780-492F-9615-36B3655FA07A}.Debug|x86.Build.0 = Debug|Win32
		{53B9DA75-6780-492F-9615-36B3655FA07A}.Release|x64.ActiveCfg = Release|x64
		{53B9DA75-6780-492F-9615-36B3655FA07A}.Release|x64.Build.0 = Release|x64
		{53B9DA75-6780-492F-9615-36B3655FA07A}.Release|x86.ActiveCfg = Release|Win32
		{53B9DA75-6780-492F-9615-36B3655FA07A}.Release|x86.Build.0 = Release|Win32
		{35B805B5-F5AA-413D-8C8D-A4D3FDAF25CF}.Debug|x64.ActiveCfg = Debug|x64
		{35B805B5-F5AA-413D-8C8D-A4D3FDAF25CF}.Debug|x64.Build.0 = Debug|x64
		{35B805B5-F5AA-413D-8C8D-A4D3FDAF25CF}.Debug|x86.ActiveCfg = Debug|Win32
		{35B805B5-F5AA-413D-8C8D-A4D3FDAF25CF}.Debug|x86.Build.0 = Debug|Win32
		{35B805B5-F5AA-413D-8C8D-A4D3FDAF25CF}.Release|x64.ActiveCfg = Release|x64
		{35B805B5-F5AA-413D-8C8D-A4D3FDAF25CF}.Release|x64.Build.0 = Release|x64
		{35B805B5-F5AA-413D-8C8D-A4D3FDAF25CF}.Release|x86.ActiveCfg = Release|Win32
		{35B805B5-F5AA-413D-8C8D-A4D3FDAF25CF}.Release|x86.Build.0 = Release|Win32
		{611D695D-8D73-4DE7-86AA-7D1DDE05009E}.Debug|x64.ActiveCfg = Debug|x64
		{611D695D-8D73-4DE7-86AA-7D1DDE05009E}.Debug|x64.Build.0 = Debug|x64
		{611D695D-8D73-4DE7-86AA-7D1DDE05009E}.Debug|x86.ActiveCfg = Debug|Win32
		{611D695D-8D73-4DE7-86AA-7D1DDE05009E}.Debug|x86.Build.0 = Debug|Win32
		{611D695D-8D73-4DE7-86AA-7D1DDE05009E}.Release|x64.ActiveCfg = Release|x64
		{611D695D-8D73-4DE7-86AA-7D1DDE05009E}.Release|x64.Build.0 = Release|x64
		{611D695D-8D73-4DE7-86AA-7D1DDE05009E}.Release|x86.ActiveCfg = Release|Win32
		{611D695D-8D73-4DE7-86AA-7D1DDE05009E}.Release|x86.Build.0 = Release|Win32
		{39F3559E-EE7D-4EDF-985C-E26EFAD03DD6}.Debug|x64.ActiveCfg = Debug|x64
		{39F3559E-EE7D-4EDF-985C-E26EFAD03DD6}.Debug|x64.Build.0 = Debug|x64
		{39F3559E-EE7D-4EDF-985C-E26EFAD03DD6}.Debug|x86.ActiveCfg = Debug|Win32
		{39F3559E-EE7D-4EDF-985C-E26EFAD03DD6}.Debug|x86.Build.0 = Debug|Win32
		{39F3559E-EE7D-4EDF-985C-E26EFAD03DD6}.Release|x64.ActiveCfg = Release|x64
		{39F3559E-EE7D-4EDF-985C-E26EFAD03DD6}.Release|x64.Build.0 = Release|x64
		{39F3559E-EE7D-4EDF-985C-E26EFAD03DD6}.Release|x86.ActiveCfg = Release|Win32
		{39F3559E-EE7D-4EDF-985C-E26EFAD03DD6}.Release|x86.Build.0 = Release|Win32
		{65ABB71A-CCCB-43EC-BBD8-1841A29A2C1D}.Debug|x64.ActiveCfg = Debug|x64
		{65ABB71A-CCCB-43EC-BBD8-1841A29A2C1D}.Debug|x64.Build.0 = Debug|x64
		{65ABB71A-CCCB-43EC-BBD8-1841A29A2C1D}.Debug|x86.ActiveCfg = Debug|Win32
		{65ABB71A-CCCB-43EC-BBD8-1841A29A2C1D}.Debug|x86.Build.0 = Debug|Win32
		{65ABB71A-CCCB-43EC-BBD8-1841A29A2C1D}.Release|x64.ActiveCfg = Release|x64
		{65ABB71A-CCCB-43EC-BBD8-1841A29A2C1D}.Release|x64.Build.0 = Release|x64
		{65ABB71A-CCCB-43EC-BBD8-1841A29A2C1D}.Release|x86.ActiveCfg = Release|Win32
		{65ABB71A-CCCB-43EC-BBD8-1841A29A2C1D}.Release|x86.Build.0 = Release|Win32
		{25DE25CE-18F8-4DD5-9EBC-8E2288F7D5DE}.Debug|x64.ActiveCfg = Debug|x64
		{25DE25CE-18F8-4DD5-9EBC-8E2288F7D5DE}.Debug|x64.Build.0 = Debug|x64
		{25DE25CE-18F8-4DD5-9EBC-8E2288F7D5DE}.Debug|x86.ActiveCfg = Debug|Win32
		{25DE25CE-18F8-4DD5-9EBC-8E2288F7D5DE}.Debug|x86.Build.0 = Debug|Win32
		{25DE25CE-18F8-4DD5-9EBC-8E2288F7D5DE}.Release|x64.ActiveCfg = Release|x64
		{25DE25CE-18F8-4DD5-9EBC-8E2288F7D5DE}.Release|x64.Build.0 = Release|x64
		{25DE25CE-18F8-4DD5-9EBC-8E2288F7D5DE}.Release|x86.ActiveCfg = Release|Win32
		{25DE25CE-18F8-4DD5-9EBC-8E2288F7D5DE}.Release|x86.Build.0 = Release|Win32
		{B8AA31C7-8D96-4792-A2E9-F6DCC5F101F6}.Debug|x64.ActiveCfg = Debug|x64
		{B8AA31C7-8D96-4792-A2E9-F6DCC5F101F6}.Debug|x64.Build.0 = Debug|x64
		{B8AA31C7-8D96-4792-A2E9-F6DCC5F101F6}.Debug|x86.ActiveCfg = Debug|Win32
		{B8AA31C7-8D96-4792-A2E9-F6DCC5F101F6}.Debug|x86.Build.0 = Debug|Win32
		{B8AA31C7-8D96-4792-A2E9-F6DCC5F101F6}.Release|x64.ActiveCfg = Release|x64
		{B8AA31C7-8D96-4792-A2E9-F6DCC5F101F6}.Release|x64.Build.0 = Release|x64
		{B8AA31C7-8D96-4792-A2E9-F6DCC5F101F6}.Release|x86.ActiveCfg = Release|Win32
		{B8AA31C7-8D96-4792-A2E9-F6DCC5F101F6}.Release|x86.Build.0 = Release|Win32
		{73CA43CF-1A6A-4DFD-B87A-8CF09FDC153D}.Debug|x64.ActiveCfg = Debug|x64
		{73CA43CF-1A6A-4DFD-B87A-8CF09FDC153D}.Debug|x64.Build.0 = Debug|x64
		{73CA43CF-1A6A-4DFD-B87A-8CF09FDC153D}.Debug|x86.ActiveCfg = Debug|Win32
		{73CA43CF-1A6A-4DFD-B87A-8CF09FDC153D}.Debug|x86.Build.0 = Debug|Win32
		{73CA43CF-1A6A-4DFD-B87A-8CF09FDC153D}.Release|x64.ActiveCfg = Release|x64
		{73CA43CF-1A6A-4DFD-B87A-8CF09FDC153D}.Release|x64.Build.0 = Release|x64
		{73CA43CF-1A6A-4DFD-B87A-8CF09FDC153D}.Release|x86.ActiveCfg = Release|Win32
		{73CA43CF-1A6A-4DFD-B87A-8CF09FDC153D}.Release|x86.Build.0 = Release|Win32
		{1B68CEAD-9475-451A-941F-041B7ECDAE10}.Debug|x64.ActiveCfg = Debug|x64
		{1B68CEAD-9475-451A-941F-041B7ECDAE10}.Debug|x64.Build.0 = Debug|x64
		{1B68CEAD-9475-451A-941F-041B7ECDAE10}.Debug|x86.ActiveCfg = Debug|Win32
		{1B68CEAD-9475-451A-941F-041B7ECDAE10}.Debug|x86.Build.0 = Debug|Win32
		{1B68CEAD-9475-451A-941F-041B7ECDAE10}.Release|x64.ActiveCfg = Release|x64
		{1B68CEAD-9475-451A-941F-041B7ECDAE10}.Release|x64.Build.0 = Release|x64
		{1B68CEAD-9475-451A-941F-041B7ECDAE10}.Release|x86.ActiveCfg = Release|Win32
		{1B68CEAD-9475-451A-941F-041B7ECDAE10}.Release|x86.Build.0 = Release|Win32
		{4B2BCB2D-ED18-4D97-B665-67E47F6C5BE7}.Debug|x64.ActiveCfg = Debug|x64
		{4B2BCB2D-ED18-4D97-B665-67E47F6C5BE7}.Debug|x64.Build.0 = Debug|x64
		{4B2BCB2D-ED18-4D97-B665-67E47F6C5BE7}.Debug|x86.ActiveCfg = Debug|Win32
		{4B2BCB2D-ED18-4D97-B665-67E47F6C5BE7}.Debug|x86.Build.0 = Debug|Win32
		{4B2BCB2D-ED18-4D97-B665-67E47F6C5BE7}.Release|x64.ActiveCfg = Release|x64
		{4B2BCB2D-ED18-4D97-B665-67E47F6C5BE7}.Release|x64.Build.0 = Release|x64
		{4B2BCB2D-ED18-4D97-B665-67E47F6C5BE7}.Release|x86.ActiveCfg = Release|Win32
		{4B2BCB2D-ED18-4D97-B665-67E47F6C5BE7}.Release|x86.Build.0 = Release|Win32
		{3BCBDBF6-37CF-450E-83B4-DB8F2B829730}.Debug|x64.ActiveCfg = Debug|x64
		{3BCBDBF6-37CF-450E-83B4-DB8F2B829730}.Debug|x64.Build.0 = Debug|x64
		{3BCBDBF6-37CF-450E-83B4-DB8F2B829730}.Debug|x86.ActiveCfg = Debug|Win32
		{3BCBDBF6-37CF-450E-83B4-DB8F2B829730}.Debug|x86.Build.0 = Debug|Win32
		{3BCBDBF6-37CF-450E-83B4-DB8F2B829730}.Release|x64.ActiveCfg = Release|x64
		{3BCBDBF6-37CF-450E-83B4-DB8F2B829730}.Release|x64.Build.0 = Release|x64
		{3BCBDBF6-37CF-450E-83B4-DB8F2B829730}.Release|x86.ActiveCfg = Release|Win32
		{3BCBDBF6-37CF-450E-83B4-DB8F2B829730}.Release|x86.Build.0 = Release|Win32
		{B1E0A614-FD7D-4BCB-97FE-22231C7C2580}.Debug|x64.ActiveCfg = Debug|x64
		{B1E0A614-FD7D-4BCB-97FE-22231C7C2580}.Debug|x64.Build.0 = Debug|x64
		{B1E0A614-FD7D-4BCB-97FE-22231C7C2580}.Debug|x86.ActiveCfg = Debug|Win32
		{B1E0A614-FD7D-4BCB-97FE-22231C7C2580}.Debug|x86.Build.0 = Debug|Win32
		{B1E0A614-FD7D-4BCB-97FE-22231C7C2580}.Release|x64.ActiveCfg = Release|x64
		{B1E0A614-FD7D-4BCB-97FE-22231C7C2580}.Release|x64.Build.0 = Release|x64
		{B1E0A614-FD7D-4BCB-97FE-22231C7C2580}.Release|x86.ActiveCfg = Release|Win32
		{B1E0A614-FD7D-4BCB-97FE-22231C7C2580}.Release|x86.Build.0 = Release|Win32
		{00EFEB0D-0B88-43C5-8626-C9EF39A6BC83}.Debug|x64.ActiveCfg = Debug|x64
		{00EFEB0D-0B88-43C5-8626-C9EF39A6BC83}.Debug|x64.Build.0 = Debug|x64
		{00EFEB0D-0B88-43C5-8626-C9EF39A6BC83}.Debug|x86.ActiveCfg = Debug|Win32
		{00EFEB0D-0B88-43C5-8626-C9EF39A6BC83}.Debug|x86.Build.0 = Debug|Win32
		{00EFEB0D-0B88-43C5-8626-C9EF39A6BC83}.Release|x64.ActiveCfg = Release|x64
		{00EFEB0D-0B88-43C5-8626-C9EF39A6BC83}.Release|x64.Build.0 = Release|x64
		{00EFEB0D-0B88-43C5-8626-C9EF39A6BC83}.Release|x86.ActiveCfg = Release|Win32
		{00EFEB0D-0B88-43C5-8626-C9EF39A6BC83}.Release|x86.Build.0 = Release|Win32
		{A0B5709A-CEEA-4C79-A6D9-C52050B1CF87}.Debug|x64.ActiveCfg = Debug|x64
		{A0B5709A-CEEA-4C79-A6D9-C52050B1CF87}.Debug|x64.Build.0 = Debug|x64
		{A0B5709A-CEEA-4C79-A6D9-C52050B1CF87}.Debug|x86.ActiveCfg = Debug|Win32
		{A0B5709A-CEEA-4C79-A6D9-C52050B1CF87}.Debug|x86.Build.0 = Debug|Win32
		{A0B5709A-CEEA-4C79-A6D9-C52050B1CF87}.Release|x64.ActiveCfg = Release|x64
		{A0B5709A-CEEA-4C79-A6D9-C52050B1CF87}.Release|x64.Build.0 = Release|x64
		{A0B5709A-CEEA-4C79-A6D9-C52050B1CF87}.Release|x86.ActiveCfg = Release|Win32
		{A0B5709A-CEEA-4C79-A6D9-C52050B1CF87}.Release|x86.Build.0 = Release|Win32
		{CB69CD2C-D759-47BA-B841-801A01FDAA5C}.Debug|x64.ActiveCfg = Debug|x64
		{CB69CD2C-D759-47BA-B841-801A01FDAA5C}.Debug|x64.Build.0 = Debug|x64
		{CB69CD2C-D759-47BA-B841-801A01FDAA5C}.Debug|x86.ActiveCfg = Debug|Win32
		{CB69CD2C-D759-47BA-B841-801A01FDAA5C}.Debug|x86.Build.0 = Debug|Win32
		{CB69CD2C-D759-47BA-B841-801A01FDAA5C}.Release|x64.ActiveCfg = Release|x64
		{CB69CD2C-D759-47BA-B841-801A01FDAA5C}.Release|x64.Build.0 = Release|x64
		{CB69CD2C-D759-47BA-B841-801A01FDAA5C}.Release|x86.ActiveCfg = Release|Win32
		{CB69CD2C-D759-47BA-B841-801A01FDAA5C}.Release|x86.Build.0 = Release|Win32
		{6ECCEE3F-7C59-4479-8024-E8D019DAF364}.Debug|x64.ActiveCfg = Debug|x64
		{6ECCEE3F-7C59-4479-8024-E8D019DAF364}.Debug|x64.Build.0 = Debug|x64
		{6ECCEE3F-7C59-4479-8024-E8D019DAF364}.Debug|x86.ActiveCfg = Debug|Win32
		{6ECCEE3F-7C59-4479-8024-E8D019DAF364}.Debug|x86.Build.0 = Debug|Win32
		{6ECCEE3F-7C59-4479-8024-E8D019DAF364}.Release|x64.ActiveCfg = Release|x64
		{6ECCEE3F-7C59-4479-8024-E8D019DAF364}.Release|x64.Build.0 = Release|x64
		{6ECCEE3F-7C59-4479-8024-E8D019DAF364}.Release|x86.ActiveCfg = Release|Win32
		{6ECCEE3F-7C59-4479-8024-E8D019DAF364}.Release|x86.Build.0 = Release|Win32
		{D1E0F2A0-354A-4D28-9B7D-01F5B2AA7F06}.Debug|x64.ActiveCfg = Debug|x64
		{D1E0F2A0-354A-4D28-9B7D-01F5B2AA7F06}.Debug|x64.Build.0 = Debug|x64
		{D1E0F2A0-354A-4D28-9B7D-01F5B2AA7F06}.Debug|x86.ActiveCfg = Debug|Win32
		{D1E0F2A0-354A-4D28-9B7D-01F5B2AA7F06}.Debug|x86.Build.0 = Debug|Win32
		{D1E0F2A0-354A-4D28-9B7D-01F5B2AA7F06}.Release|x64.ActiveCfg = Release|x64
		{D1E0F2A0-354A-4D28-9B7D-01F5B2AA7F06}.Release|x64.Build.0 = Release|x64
		{D1E0F2A0-354A-4D28-9B7D-01F5B2AA7F06}.Release|x86.ActiveCfg = Release|Win32
		{D1E0F2A0-354A-4D28-9B7D-01F5B2AA7F06}.Release|x86.Build.0 = Release|Win32
		{01829453-34DA-43DD-AB06-D24C55B0F03C}.Debug|x64.ActiveCfg = Debug|x64
		{01829453-34DA-43DD-AB06-D24C55B0F03C}.Debug|x64.Build.0 = Debug|x64
		{01829453-34DA-43DD-AB06-D24C55B0F03C}.Debug|x86.ActiveCfg = Debug|Win32
		{01829453-34DA-43DD-AB06-D24C55B0F03C}.Debug|x86.Build.0 = Debug|Win32
		{01829453-34DA-43DD-AB06-D24C55B0F03C}.Release|x64.ActiveCfg = Release|x64
		{01829453-34DA-43DD-AB06-D24C55B0F03C}.Release|x64.Build.0 = Release|x64
		{01829453-34DA-43DD-AB06-D24C55B0F03C}.Release|x86.ActiveCfg = Release|Win32
		{01829453-34DA-43DD-AB06-D24C55B0F03C}.Release|x86.Build.0 = Release|Win32
		{3748BC98-081E-4E1A-963F-05A9EF827C7A}.Debug|x64.ActiveCfg = Debug|x64
		{3748BC98-081E-4E1A-963F-05A9EF827C7A}.Debug|x64.Build.0 = Debug|x64
		{3748BC98-081E-4E1A-963F-05A9EF827C7A}.Debug|x86.ActiveCfg = Debug|Win32
		{3748BC98-081E-4E1A-963F-05A9EF827C7A}.Debug|x86.Build.0 = Debug|Win32
		{3748BC98-081E-4E1A-963F-05A9EF827C7A}.Release|x64.ActiveCfg = Release|x64
		{3748BC98-081E-4E1A-963F-05A9EF827C7A}.Release|x64.Build.0 = Release|x64
		{3748BC98-081E-4E1A-963F-05A9EF827C7A}.Release|x86.ActiveCfg = Release|Win32
		{3748BC98-081E-4E1A-963F-05A9EF827C7A}.Release|x86.Build.0 = Release|Win32
		{9EBCC22D-5389-46C2-8329-4F106A2E63D0}.Debug|x64.ActiveCfg = Debug|x64
		{9EBCC22D-5389-46C2-8329-4F106A2E63D0}.Debug|x64.Build.0 = Debug|x64
		{9EBCC22D-5389-46C2-8329-4F106A2E63D0}.Debug|x86.ActiveCfg = Debug|Win32
		{9EBCC22D-5389-46C2-8329-4F106A2E63D0}.Debug|x86.Build.0 = Debug|Win32
		{9EBCC22D-5389-46C2-8329-4F106A2E63D0}.Release|x64.ActiveCfg = Release|x64
		{9EBCC22D-5389-46C2-8329-4F106A2E63D0}.Release|x64.Build.0 = Release|x64
		{9EBCC22D-5389-46C2-8329-4F106A2E63D0}.Release|x86.ActiveCfg = Release|Win32
		{9EBCC22D-5389-46C2-8329-4F106A2E63D0}.Release|x86.Build.0 = Release|Win32
		{F047D8D3-C185-4842-90C8-83A287AD5B81}.Debug|x64.ActiveCfg = Debug|x64
		{F047D8D3-C185-4842-90C8-83A287AD5B81}.Debug|x64.Build.0 = Debug|x64
		{F047D8D3-C185-4842-90C8-83A287AD5B81}.Debug|x86.ActiveCfg = Debug|Win32
		{F047D8D3-C185-4842-90C8-83A287AD5B81}.Debug|x86.Build.0 = Debug|Win32
		{F047D8D3-C185-4842-90C8-83A287AD5B81}.Release|x64.ActiveCfg = Release|x64
		{F047D8D3-C185-4842-90C8-83A287AD5B81}.Release|x64.Build.0 = Release|x64
		{F047D8D3-C185-4842-90C8-83A287AD5B81}.Release|x86.ActiveCfg = Release|Win32
		{F047D8D3-C185-4842-90C8-83A287AD5B81}.Release|x86.Build.0 = Release|Win32
		{E9AC39F4-590A-4A4C-8CB5-A0FF62B71A71}.Debug|x64.ActiveCfg = Debug|x64
		{E9AC39F4-590A-4A4C-8CB5-A0FF62B71A71}.Debug|x64.Build.0 = Debug|x64
		{E9AC39F4-590A-4A4C-8CB5-A0FF62B71A71}.Debug|x86.ActiveCfg = Debug|Win32
		{E9AC39F4-590A-4A4C-8CB5-A0FF62B71A71}.Debug|x86.Build.0 = Debug|Win32
		{E9AC39F4-590A-4A4C-8CB5-A0FF62B71A71}.Release|x64.ActiveCfg = Release|x64
		{E9AC39F4-590A-4A4C-8CB5-A0FF62B71A71}.Release|x64.Build.0 = Release|x64
		{E9AC39F4-590A-4A4C-8CB5-A0FF62B71A71}.Release|x86.ActiveCfg = Release|Win32
		{E9AC39F4-590A-4A4C-8CB5-A0FF62B71A71}.Release|x86.Build.0 = Release|Win32
		{36496E61-ECCB-441F-B0A5-5365825AEE93}.Debug|x64.ActiveCfg = Debug|x64
		{36496E61-ECCB-441F-B0A5-5365825AEE93}.Debug|x64.Build.0 = Debug|x64
		{36496E61-ECCB-441F-B0A5-5365825AEE93}.Debug|x86.ActiveCfg = Debug|Win32
		{36496E61-ECCB-441F-B0A5-5365825AEE93}.Debug|x86.Build.0 = Debug|Win32
		{36496E61-ECCB-441F-B0A5-5365825AEE93}.Release|x64.ActiveCfg = Release|x64
		{36496E61-ECCB-441F-B0A5-5365825AEE93}.Release|x64.Build.0 = Release|x64
		{36496E61-ECCB-441F-B0A5-5365825AEE93}.Release|x86.ActiveCfg = Release|Win32
		{36496E61-ECCB-441F-B0A5-5365825AEE93}.Release|x86.Build.0 = Release|Win32
		{4BBE5688-7C84-4DC9-9E31-8714CADFF4C7}.Debug|x64.ActiveCfg = Debug|x64
		{4BBE5688-7C84-4DC9-9E31-8714CADFF4C7}.Debug|x64.Build.0 = Debug|x64
		{4BBE5688-7C84-4DC9-9E31-8714CADFF4C7}.Debug|x86.ActiveCfg = Debug|Win32
		{4BBE5688-7C84-4DC9-9E31-8714CADFF4C7}.Debug|x86.Build.0 = Debug|Win32
		{4BBE5688-7C84-4DC9-9E31-8714CADFF4C7}.Release|x64.ActiveCfg = Release|x64
		{4BBE5688-7C84-4DC9-9E31-8714CADFF4C7}.Release|x64.Build.0 = Release|x64
		{4BBE5688-7C84-4DC9-9E31-8714CADFF4C7}.Release|x86.ActiveCfg = Release|Win32
		{4BBE5688-7C84-4DC9-9E31-8714CADFF4C7}.Release|x86.Build.0 = Release|Win32
		{EEECBA97-0D03-4C7C-A109-7C5DA31D0EE2}.Debug|x64.ActiveCfg = Debug|x64
		{EEECBA97-0D03-4C7C-A109-7C5DA31D0EE2}.Debug|x64.Build.0 = Debug|x64
		{EEECBA97-0D03-4C7C-A109-7C5DA31D0EE2}.Debug|x86.ActiveCfg = Debug|Win32
		{EEECBA97-0D03-4C7C-A109-7C5DA31D0EE2}.Debug|x86.Build.0 = Debug|Win32
		{EEECBA97-0D03-4C7C-A109-7C5DA31D0EE2}.Release|x64.ActiveCfg = Release|x64
		{EEECBA97-0D03-4C7C-A109-7C5DA31D0EE2}.Release|x64.Build.0 = Release|x64
		{EEECBA97-0D03-4C7C-A109-7C5DA31D0EE2}.Release|x86.ActiveCfg = Release|Win32
		{EEECBA97-0D03-4C7C-A109-7C5DA31D0EE2}.Release|x86.Build.0 = Release|Win32
		{C32601E3-12DE-42F9-BDD4-8DE30CDB1B63}.Debug|x64.ActiveCfg = Debug|x64
		{C32601E3-12DE-42F9-BDD4-8DE30CDB1B63}.Debug|x64.Build.0 = Debug|x64
		{C32601E3-12DE-42F9-BDD4-8DE30CDB1B63}.Debug|x86.ActiveCfg = Debug|Win32
		{C32601E3-12DE-42F9-BDD4-8DE30CDB1B63}.Debug|x86.Build.0 = Debug|Win32
		{C32601E3-12DE-42F9-BDD4-8DE30CDB1B63}.Release|x64.ActiveCfg = Release|x64
		{C32601E3-12DE-42F9-BDD4-8DE30CDB1B63}.Release|x64.Build.0 = Release|x64
		{C32601E3-12DE-42F9-BDD4-8DE30CDB1B63}.Release|x86.ActiveCfg = Release|Win32
		{C32601E3-12DE-42F9-BDD4-8DE30CDB1B63}.Release|x86.Build.0 = Release|Win32
		{EB8A4F4B-6857-4785-9DA1-662BD002F380}.Debug|x64.ActiveCfg = Debug|x64
		{EB8A4F4B-6857-4785-9DA1-662BD002F380}.Debug|x64.Build.0 = Debug|x64
		{EB8A4F4B-6857-4785-9DA1-662BD002F380}.Debug|x86.ActiveCfg = Debug|Win32
		{EB8A4F4B-6857-4785-9DA1-662BD002F380}.Debug|x86.Build.0 = Debug|Win32
		{EB8A4F4B-6857-4785-9DA1-662BD002F380}.Release|x64.ActiveCfg = Release|x64
		{EB8A4F4B-6857-4785-9DA1-662BD002F380}.Release|x64.Build.0 = Release|x64
		{EB8A4F4B-6857-4785-9DA1-662BD002F380}.Release|x86.ActiveCfg = Release|Win32
		{EB8A4F4B-6857-4785-9DA1-662BD002F380}.Release|x86.Build.0 = Release|Win32
		{457D757E-570C-4054-9562-8F60F6C860C9}.Debug|x64.ActiveCfg = Debug|x64
		{457D757E-570C-4054-9562-8F60F6C860C9}.Debug|x64.Build.0 = Debug|x64
		{457D757E-570C-4054-9562-8F60F6C860C9}.Debug|x86.ActiveCfg = Debug|Win32
		{457D757E-570C-4054-9562-8F60F6C860C9}.Debug|x86.Build.0 = Debug|Win32
		{457D757E-570C-4054-9562-8F60F6C860C9}.Release|x64.ActiveCfg = Release|x64
		{457D757E-570C-4054-9562-8F60F6C860C9}.Release|x64.Build.0 = Release|x64
		{457D757E-570C-4054-9562-8F60F6C860C9}.Release|x86.ActiveCfg = Release|Win32
		{457D757E-570C-4054-9562-8F60F6C860C9}.Release|x86.Build.0 = Release|Win32
		{43F0EDBC-8EB6-4D77-8A56-85523F57646A}.Debug|x64.ActiveCfg = Debug|x64
		{43F0EDBC-8EB6-4D77-8A56-85523F57646A}.Debug|x64.Build.0 = Debug|x64
		{43F0EDBC-8EB6-4D77-8A56-85523F57646A}.Debug|x86.ActiveCfg = Debug|Win32
		{43F0EDBC-8EB6-4D77-8A56-85523F57646A}.Debug|x86.Build.0 = Debug|Win32
		{43F0EDBC-8EB6-4D77-8A56-85523F57646A}.Release|x64.ActiveCfg = Release|x64
		{43F0EDBC-8EB6-4D77-8A56-85523F57646A}.Release|x64.Build.0 = Release|x64
		{43F0EDBC-8EB6-4D77-8A56-85523F57646A}.Release|x86.ActiveCfg = Release|Win32
		{43F0EDBC-8EB6-4D77-8A56-85523F57646A}.Release|x86.Build.0 = Release|Win32
		{13B8D2B5-F209-4799-8A28-3CA6B0EE150C}.Debug|x64.ActiveCfg = Debug|x64
		{13B8D2B5-F209-4799-8A28-3CA6B0EE150C}.Debug|x64.Build.0 = Debug|x64
		{13B8D2B5-F209-4799-8A28-3CA6B0EE150C}.Debug|x86.ActiveCfg = Debug|Win32
		{13B8D2B5-F209-4799-8A28-3CA6B0EE150C}.Debug|x86.Build.0 = Debug|Win32
		{13B8D2B5-F209-4799-8A28-3CA6B0EE150C}.Release|x64.ActiveCfg = Release|x64
		{13B8D2B5-F209-4799-8A28-3CA6B0EE150C}.Release|x64.Build.0 = Release|x64
		{13B8D2B5-F209-4799-8A28-3CA6B0EE150C}.Release|x86.ActiveCfg = Release|Win32
		{13B8D2B5-F209-4799-8A28-3CA6B0EE150C}.Release|x86.Build.0 = Release|Win32
		{73B63880-115E-4F69-A215-A3FBDF62170C}.Debug|x64.ActiveCfg = Debug|x64
		{73B63880-115E-4F69-A215-A3FBDF62170C}.Debug|x64.Build.0 = Debug|x64
		{73B63880-115E-4F69-A215-A3FBDF62170C}.Debug|x86.ActiveCfg = Debug|Win32
		{73B63880-115E-4F69-A215-A3FBDF62170C}.Debug|x86.Build.0 = Debug|Win32
		{73B63880-115E-4F69-A215-A3FBDF62170C}.Release|x64.ActiveCfg = Release|x64
		{73B63880-115E-4F69-A215-A3FBDF62170C}.Release|x64.Build.0 = Release|x64
		{73B63880-115E-4F69-A215-A3FBDF62170C}.Release|x86.ActiveCfg = Release|Win32
		{73B63880-115E-4F69-A215-A3FBDF62170C}.Release|x86.Build.0 = Release|Win32
		{E1D4E2DB-D16F-44FB-B8B1-2727AC3D61CA}.Debug|x64.ActiveCfg = Debug|x64
		{E1D4E2DB-D16F-44FB-B8B1-2727AC3D61CA}.Debug|x64.Build.0 = Debug|x64
		{E1D4E2DB-D16F-44FB-B8B1-2727AC3D61CA}.Debug|x86.ActiveCfg = Debug|Win32
		{E1D4E2DB-D16F-44FB-B8B1-2727AC3D61CA}.Debug|x86.Build.0 = Debug|Win32
		{E1D4E2DB-D16F-44FB-B8B1-2727AC3D61CA}.Release|x64.ActiveCfg = Release|x64
		{E1D4E2DB-D16F-44FB-B8B1-2727AC3D61CA}.Release|x64.Build.0 = Release|x64
		{E1D4E2DB-D16F-44FB-B8B1-2727AC3D61CA}.Release|x86.ActiveCfg = Release|Win32
		{E1D4E2DB-D16F-44FB-B8B1-2727AC3D61CA}.Release|x86.Build.0 = Release|Win32
		{8FE00B1E-2B90-405D-9227-3570D873F709}.Debug|x64.ActiveCfg = Debug|x64
		{8FE00B1E-2B90-405D-9227-3570D873F709}.Debug|x64.Build.0 = Debug|x64
		{8FE00B1E-2B90-405D-9227-3570D873F709}.Debug|x86.ActiveCfg = Debug|Win32
		{8FE00B1E-2B90-405D-9227-3570D873F709}.Debug|x86.Build.0 = Debug|Win32
		{8FE00B1E-2B90-405D-9227-3570D873F709}.Release|x64.ActiveCfg = Release|x64
		{8FE00B1E-2B90-405D-9227-3570D873F709}.Release|x64.Build.0 = Release|x64
		{8FE00B1E-2B90-405D-9227-3570D873F709}.Release|x86.ActiveCfg = Release|Win32
		{8FE00B1E-2B90-405D-9227-3570D873F709}.Release|x86.Build.0 = Release|Win32
		{B55105AA-23C1-44C6-B4F6-E398BEB9D7E0}.Debug|x64.ActiveCfg = Debug|x64
		{B55105AA-23C1-44C6-B4F6-E398BEB9D7E0}.Debug|x64.Build.0 = Debug|x64
		{B55105AA-23C1-44C6-B4F6-E398BEB9D7E0}.Debug|x86.ActiveCfg = Debug|Win32
		{B55105AA-23C1-44C6-B4F6-E398BEB9D7E0}.Debug|x86.Build.0 = Debug|Win32
		{B55105AA-23C1-44C6-B4F6-E398BEB9D7E0}.Release|x64.ActiveCfg = Release|x64
		{B55105AA-23C1-44C6-B4F6-E398BEB9D7E0}.Release|x64.Build.0 = Release|x64
		{B55105AA-23C1-44C6-B4F6-E398BEB9D7E0}.Release|x86.ActiveCfg = Release|Win32
		{B55105AA-23C1-44C6-B4F6-E398BEB9D7E0}.Release|x86.Build.0 = Release|Win32
		{00C097D2-9D4D-47AE-B6DD-E2F31E6DF9F4}.Debug|x64.ActiveCfg = Debug|x64
		{00C097D2-9D4D-47AE-B6DD-E2F31E6DF9F4}.Debug|x64.Build.0 = Debug|x64
		{00C097D2-9D4D-47AE-B6DD-E2F31E6DF9F4}.Debug|x86.ActiveCfg = Debug|Win32
		{00C097D2-9D4D-47AE-B6DD-E2F31E6DF9F4}.Debug|x86.Build.0 = Debug|Win32
		{00C097D2-9D4D-47AE-B6DD-E2F31E6DF9F4}.Release|x64.ActiveCfg = Release|x64
		{00C097D2-9D4D-47AE-B6DD-E2F31E6DF9F4}.Release|x64.Build.0 = Release|x64
		{00C097D2-9D4D-47AE-B6DD-E2F31E6DF9F4}.Release|x86.ActiveCfg = Release|Win32
		{00C097D2-9D4D-47AE-B6DD-E2F31E6DF9F4}.Release|x86.Build.0 = Release|Win32
		{D3B55679-68A5-4C38-BFF3-FB4E077C1241}.Debug|x64.ActiveCfg = Debug|x64
		{D3B55679-68A5-4C38-BFF3-FB4E077C1241}.Debug|x64.Build.0 = Debug|x64
		{D3B55679-68A5-4C38-BFF3-FB4E077C1241}.Debug|x86.ActiveCfg = Debug|Win32
		{D3B55679-68A5-4C38-BFF3-FB4E077C1241}.Debug|x86.Build.0 = Debug|Win32
		{D3B55679-68A5-4C38-BFF3-FB4E077C1241}.Release|x64.ActiveCfg = Release|x64
		{D3B55679-68A5-4C38-BFF3-FB4E077C1241}.Release|x64.Build.0 = Release|x64
		{D3B55679-68A5-4C38-BFF3-FB4E077C1241}.Release|x86.ActiveCfg = Release|Win32
		{D3B55679-68A5-4C38-BFF3-FB4E077C1241}.Release|x86.Build.0 = Release|Win32
		{CE6037B3-2E16-42F3-BD1D-A083E525246F}.Debug|x64.ActiveCfg = Debug|x64
		{CE6037B3-2E16-42F3-BD1D-A083E525246F}.Debug|x64.Build.0 = Debug|x64
		{CE6037B3-2E16-42F3-BD1D-A083E525246F}.Debug|x86.ActiveCfg = Debug|Win32
		{CE6037B3-2E16-42F3-BD1D-A083E525246F}.Debug|x86.Build.0 = Debug|Win32
		{CE6037B3-2E16-42F3-BD1D-A083E525246F}.Release|x64.ActiveCfg = Release|x64
		{CE6037B3-2E16-42F3-BD1D-A083E525246F}.Release|x64.Build.0 = Release|x64
		{CE6037B3-2E16-42F3-BD1D-A083E525246F}.Release|x86.ActiveCfg = Release|Win32
		{CE6037B3-2E16-42F3-BD1D-A083E525246F}.Release|x86.Build.0 = Release|Win32
		{4D05116E-DDD4-4B9C-A427-9131FA28A27D}.Debug|x64.ActiveCfg = Debug|x64
		{4D05116E-DDD4-4B9C-A427-9131FA28A27D}.Debug|x64.Build.0 = Debug|x64
		{4D05116E-DDD4-4B9C-A427-9131FA28A27D}.Debug|x86.ActiveCfg = Debug|Win32
		{4D05116E-DDD4-4B9C-A427-9131FA28A27D}.Debug|x86.Build.0 = Debug|Win32
		{4D05116E-DDD4-4B9C-A427-9131FA28A27D}.Release|x64.ActiveCfg = Release|x64
		{4D05116E-DDD4-4B9C-A427-9131FA28A27D}.Release|x64.Build.0 = Release|x64
		{4D05116E-DDD4-4B9C-A427-9131FA28A27D}.Release|x86.ActiveCfg = Release|Win32
		{4D05116E-DDD4-4B9C-A427-9131FA28A27D}.Release|x86.Build.0 = Release|Win32
		{CC560C27-59E6-4AE6-B23E-44F3762EA043}.Debug|x64.ActiveCfg = Debug|x64
		{CC560C27-59E6-4AE6-B23E-44F3762EA043}.Debug|x64.Build.0 = Debug|x64
		{CC560C27-59E6-4AE6-B23E-44F3762EA043}.Debug|x86.ActiveCfg = Debug|Win32
		{CC560C27-59E6-4AE6-B23E-44F3762EA043}.Debug|x86.Build.0 = Debug|Win32
		{CC560C27-59E6-4AE6-B23E-44F3762EA043}.Release|x64.ActiveCfg = Release|x64
		{CC560C27-59E6-4AE6-B23E-44F3762EA043}.Release|x64.Build.0 = Release|x64
		{CC560C27-59E6-4AE6-B23E-44F3762EA043}.Release|x86.ActiveCfg = Release|Win32
		{CC560C27-59E6-4AE6-B23E-44F3762EA043}.Release|x86.Build.0 = Release|Win32
		{97C9C2A5-ED0D-4945-A5DA-2F7C9689FB80}.Debug|x64.ActiveCfg = Debug|x64
		{97C9C2A5-ED0D-4945-A5DA-2F7C9689FB80}.Debug|x64.Build.0 = Debug|x64
		{97C9C2A5-ED0D-4945-A5DA-2F7C9689FB80}.Debug|x86.ActiveCfg = Debug|Win32
		{97C9C2A5-ED0D-4945-A5DA-2F7C9689FB80}.Debug|x86.Build.0 = Debug|Win32
		{97C9C2A5-ED0D-4945-A5DA-2F7C9689FB80}.Release|x64.ActiveCfg = Release|x64
		{97C9C2A5-ED0D-4945-A5DA-2F7C9689FB80}.Release|x64.Build.0 = Release|x64
		{97C9C2A5-ED0D-4945-A5DA-2F7C9689FB80}.Release|x86.ActiveCfg = Release|Win32
		{97C9C2A5-ED0D-4945-A5DA-2F7C9689FB80}.Release|x86.Build.0 = Release|Win32
		{EE2FAFA5-BB66-4A11-816C-21F21CEE16E0}.Debug|x64.ActiveCfg = Debug|x64
		{EE2FAFA5-BB66-4A11-816C-21F21CEE16E0}.Debug|x64.Build.0 = Debug|x64
		{EE2FAFA5-BB66-4A11-816C-21F21CEE16E0}.Debug|x86.ActiveCfg = Debug|Win32
		{EE2FAFA5-BB66-4A11-816C-21F21CEE16E0}.Debug|x86.Build.0 = Debug|Win32
		{EE2FAFA5-BB66-4A11-816C-21F21CEE16E0}.Release|x64.ActiveCfg = Release|x64
		{EE2FAFA5-BB66-4A11-816C-21F21CEE16E0}.Release|x64.Build.0 = Release|x64
		{EE2FAFA5-BB66-4A11-816C-21F21CEE16E0}.Release|x86.ActiveCfg = Release|Win32
		{EE2FAFA5-BB66-4A11-816C-21F21CEE16E0}.Release|x86.Build.0 = Release|Win32
		{61AA579E-7418-48C9-B796-ACBD539FAA6F}.Debug|x64.ActiveCfg = Debug|x64
		{61AA579E-7418-48C9-B796-ACBD539FAA6F}.Debug|x64.Build.0 = Debug|x64
		{61AA579E-7418-48C9-B796-ACBD539FAA6F}.Debug|x86.ActiveCfg = Debug|Win32
		{61AA579E-7418-48C9-B796-ACBD539FAA6F}.Debug|x86.Build.0 = Debug|Win32
		{61AA579E-7418-48C9-B796-ACBD539FAA6F}.Release|x64.ActiveCfg = Release|x64
		{61AA579E-7418-48C9-B796-ACBD539FAA6F}.Release|x64.Build.0 = Release|x64
		{61AA579E-7418-48C9-B796-ACBD539FAA6F}.Release|x86.ActiveCfg = Release|Win32
		{61AA579E-7418-48C9-B796-ACBD539FAA6F}.Release|x86.Build.0 = Release|Win32
		{791CCDF2-0C73-41E2-862A-E84741D106CD}.Debug|x64.ActiveCfg = Debug|x64
		{791CCDF2-0C73-41E2-862A-E84741D106CD}.Debug|x64.Build.0 = Debug|x64
		{791CCDF2-0C73-41E2-862A-E84741D106CD}.Debug|x86.ActiveCfg = Debug|Win32
		{791CCDF2-0C73-41E2-862A-E84741D106CD}.Debug|x86.Build.0 = Debug|Win32
		{791CCDF2-0C73-41E2-862A-E84741D106CD}.Release|x64.ActiveCfg = Release|x64
		{791CCDF2-0C73-41E2-862A-E84741D106CD}.Release|x64.Build.0 = Release|x64
		{791CCDF2-0C73-41E2-862A-E84741D106CD}.Release|x86.ActiveCfg = Release|Win32
		{791CCDF2-0C73-41E2-862A-E84741D106CD}.Release|x86.Build.0 = Release|Win32
		{8278AD4F-FA5B-4F44-960C-27BA4D9E2B93}.Debug|x64.ActiveCfg = Debug|x64
		{8278AD4F-FA5B-4F44-960C-27BA4D9E2B93}.Debug|x64.Build.0 = Debug|x64
		{8278AD4F-FA5B-4F44-960C-27BA4D9E2B93}.Debug|x86.ActiveCfg = Debug|Win32
		{8278AD4F-FA5B-4F44-960C-27BA4D9E2B93}.Debug|x86.Build.0 = Debug|Win32
		{8278AD4F-FA5B-4F44-960C-27BA4D9E2B93}.Release|x64.ActiveCfg = Release|x64
		{8278AD4F-FA5B-4F44-960C-27BA4D9E2B93}.Release|x64.Build.0 = Release|x64
		{8278AD4F-FA5B-4F44-960C-27BA4D9E2B93}.Release|x86.ActiveCfg = Release|Win32
		{8278AD4F-FA5B-4F44-960C-27BA4D9E2B93}.Release|x86.Build.0 = Release|Win32
		{20449624-FCFA-4107-ACF9-0D21E5F6E40B}.Debug|x64.ActiveCfg = Debug|x64
		{20449624-FCFA-4107-ACF9-0D21E5F6E40B}.Debug|x64.Build.0 = Debug|x64
		{20449624-FCFA-4107-ACF9-0D21E5F6E40B}.Debug|x86.ActiveCfg = Debug|Win32
		{20449624-FCFA-4107-ACF9-0D21E5F6E40B}.Debug|x86.Build.0 = Debug|Win32
		{20449624-FCFA-4107-ACF9-0D21E5F6E40B}.Release|x64.ActiveCfg = Release|x64
		{20449624-FCFA-4107-ACF9-0D21E5F6E40B}.Release|x64.Build.0 = Release|x64
		{20449624-FCFA-4107-ACF9-0D21E5F6E40B}.Release|x86.ActiveCfg = Release|Win32
		{20449624-FCFA-4107-ACF9-0D21E5F6E40B}.Release|x86.Build.0 = Release|Win32
		{71826F64-6A62-428E-BF15-0119B510C16D}.Debug|x64.ActiveCfg = Debug|x64
		{71826F64-6A62-428E-BF15-0119B510C16D}.Debug|x64.Build.0 = Debug|x64
		{71826F64-6A62-428E-BF15-0119B510C16D}.Debug|x86.ActiveCfg = Debug|Win32
		{71826F64-6A62-428E-BF15-0119B510C16D}.Debug|x86.Build.0 = Debug|Win32
		{71826F64-6A62-428E-BF15-0119B510C16D}.Release|x64.ActiveCfg = Release|x64
		{71826F64-6A62-428E-BF15-0119B510C16D}.Release|x64.Build.0 = Release|x64
		{71826F64-6A62-428E-BF15-0119B510C16D}.Release|x86.ActiveCfg = Release|Win32
		{71826F64-6A62-428E-BF15-0119B510C16D}.Release|x86.Build.0 = Release|Win32
		{9C626392-F955-4515-91F1-CFC2A2053C1B}.Debug|x64.ActiveCfg = Debug|x64
		{9C626392-F955-4515-91F1-CFC2A2053C1B}.Debug|x64.Build.0 = Debug|x64
		{9C626392-F955-4515-91F1-CFC2A2053C1B}.Debug|x86.ActiveCfg = Debug|Win32
		{9C626392-F955-4515-91F1-CFC2A2053C1B}.Debug|x86.Build.0 = Debug|Win32
		{9C626392-F955-4515-91F1-CFC2A2053C1B}.Release|x64.ActiveCfg = Release|x64
		{9C626392-F955-4515-91F1-CFC2A2053C1B}.Release|x64.Build.0 = Release|x64
		{9C626392-F955-4515-91F1-CFC2A2053C1B}.Release|x86.ActiveCfg = Release|Win32
		{9C626392-F955-4515-91F1-CFC2A2053C1B}.Release|x86.Build.0 = Release|Win32
		{2FB6ECDB-BEDD-43D7-81F1-FD3F32F824F0}.Debug|x64.ActiveCfg = Debug|x64
		{2FB6ECDB-BEDD-43D7-81F1-FD3F32F824F0}.Debug|x64.Build.0 = Debug|x64
		{2FB6ECDB-BEDD-43D7-81F1-FD3F32F824F0}.Debug|x86.ActiveCfg = Debug|Win32
		{2FB6ECDB-BEDD-43D7-81F1-FD3F32F824F0}.Debug|x86.Build.0 = Debug|Win32
		{2FB6ECDB-BEDD-43D7-81F1-FD3F32F824F0}.Release|x64.ActiveCfg = Release|x64
		{2FB6ECDB-BEDD-43D7-81F1-FD3F32F824F0}.Release|x64.Build.0 = Release|x64
		{2FB6ECDB-BEDD-43D7-81F1-FD3F32F824F0}.Release|x86.ActiveCfg = Release|Win32
		{2FB6ECDB-BEDD-43D7-81F1-FD3F32F824F0}.Release|x86.Build.0 = Release|Win32
	EndGlobalSection
	GlobalSection(SolutionProperties) = preSolution
		HideSolutionNode = FALSE
	EndGlobalSection
	GlobalSection(ExtensibilityGlobals) = postSolution
		SolutionGuid = {7F59333F-4A1F-4A22-B0FA-8049C58E2C45}
	EndGlobalSection
EndGlobal
